
Microsoft Visual Studio Solution File, Format Version 12.00
# Visual Studio Version 16
VisualStudioVersion = 16.0.31729.503
MinimumVisualStudioVersion = 10.0.40219.1
Project("{FAE04EC0-301F-11D3-BF4B-00C04F79EFBC}") = "Calculator", "Calculator\Calculator.csproj", "{90097A81-C196-4716-BC84-A2D484FFA9AD}"
EndProject
Global
	GlobalSection(SolutionConfigurationPlatforms) = preSolution
		Debug|Any CPU = Debug|Any CPU
		Release|Any CPU = Release|Any CPU
	EndGlobalSection
	GlobalSection(ProjectConfigurationPlatforms) = postSolution
		{90097A81-C196-4716-BC84-A2D484FFA9AD}.Debug|Any CPU.ActiveCfg = Debug|Any CPU
		{90097A81-C196-4716-BC84-A2D484FFA9AD}.Debug|Any CPU.Build.0 = Debug|Any CPU
		{90097A81-C196-4716-BC84-A2D484FFA9AD}.Release|Any CPU.ActiveCfg = Release|Any CPU
		{90097A81-C196-4716-BC84-A2D484FFA9AD}.Release|Any CPU.Build.0 = Release|Any CPU
	EndGlobalSection
	GlobalSection(SolutionProperties) = preSolution
		HideSolutionNode = FALSE
	EndGlobalSection
	GlobalSection(ExtensibilityGlobals) = postSolution
		SolutionGuid = {B79AE212-0CD7-4302-8DB6-44C1AF30C763}
	EndGlobalSection
EndGlobal
